
Microsoft Visual Studio Solution File, Format Version 12.00
# Visual Studio Version 17
VisualStudioVersion = 17.9.34728.123
MinimumVisualStudioVersion = 10.0.40219.1
Project("{FAE04EC0-301F-11D3-BF4B-00C04F79EFBC}") = "LiftingAppDev", "LiftingAppDev\LiftingAppDev.csproj", "{3ABEC064-E040-4871-B04E-91EE5AC9952B}"
EndProject
Global
	GlobalSection(SolutionConfigurationPlatforms) = preSolution
		Debug|Any CPU = Debug|Any CPU
		Release|Any CPU = Release|Any CPU
	EndGlobalSection
	GlobalSection(ProjectConfigurationPlatforms) = postSolution
		{3ABEC064-E040-4871-B04E-91EE5AC9952B}.Debug|Any CPU.ActiveCfg = Debug|Any CPU
		{3ABEC064-E040-4871-B04E-91EE5AC9952B}.Debug|Any CPU.Build.0 = Debug|Any CPU
		{3ABEC064-E040-4871-B04E-91EE5AC9952B}.Debug|Any CPU.Deploy.0 = Debug|Any CPU
		{3ABEC064-E040-4871-B04E-91EE5AC9952B}.Release|Any CPU.ActiveCfg = Release|Any CPU
		{3ABEC064-E040-4871-B04E-91EE5AC9952B}.Release|Any CPU.Build.0 = Release|Any CPU
		{3ABEC064-E040-4871-B04E-91EE5AC9952B}.Release|Any CPU.Deploy.0 = Release|Any CPU
	EndGlobalSection
	GlobalSection(SolutionProperties) = preSolution
		HideSolutionNode = FALSE
	EndGlobalSection
	GlobalSection(ExtensibilityGlobals) = postSolution
		SolutionGuid = {70F13C0B-812F-4A48-9297-AD1FA68477E0}
	EndGlobalSection
EndGlobal
